// !$*UTF8*$!
{
	archiveVersion = 1;
	classes = {
	};
	objectVersion = 55;
	objects = {

/* Begin PBXBuildFile section */
		3662164C286C4C5B00F77A82 /* AnzanApp_TCAApp.swift in Sources */ = {isa = PBXBuildFile; fileRef = 3662164B286C4C5B00F77A82 /* AnzanApp_TCAApp.swift */; };
		3662164E286C4C5B00F77A82 /* ContentView.swift in Sources */ = {isa = PBXBuildFile; fileRef = 3662164D286C4C5B00F77A82 /* ContentView.swift */; };
		36621650286C4C5D00F77A82 /* Assets.xcassets in Resources */ = {isa = PBXBuildFile; fileRef = 3662164F286C4C5D00F77A82 /* Assets.xcassets */; };
		36621653286C4C5D00F77A82 /* Preview Assets.xcassets in Resources */ = {isa = PBXBuildFile; fileRef = 36621652286C4C5D00F77A82 /* Preview Assets.xcassets */; };
		3662165B286C4EB700F77A82 /* ComposableArchitecture in Frameworks */ = {isa = PBXBuildFile; productRef = 3662165A286C4EB700F77A82 /* ComposableArchitecture */; };
		3662165D286C4F5800F77A82 /* ColorExtensions.swift in Sources */ = {isa = PBXBuildFile; fileRef = 3662165C286C4F5800F77A82 /* ColorExtensions.swift */; };
		3662165F286C51C500F77A82 /* Core.swift in Sources */ = {isa = PBXBuildFile; fileRef = 3662165E286C51C500F77A82 /* Core.swift */; };
		3682D589286C5AC700589DB5 /* AnswerView.swift in Sources */ = {isa = PBXBuildFile; fileRef = 3682D588286C5AC700589DB5 /* AnswerView.swift */; };
/* End PBXBuildFile section */

/* Begin PBXFileReference section */
		36621648286C4C5B00F77A82 /* AnzanApp-TCA.app */ = {isa = PBXFileReference; explicitFileType = wrapper.application; includeInIndex = 0; path = "AnzanApp-TCA.app"; sourceTree = BUILT_PRODUCTS_DIR; };
		3662164B286C4C5B00F77A82 /* AnzanApp_TCAApp.swift */ = {isa = PBXFileReference; lastKnownFileType = sourcecode.swift; path = AnzanApp_TCAApp.swift; sourceTree = "<group>"; };
		3662164D286C4C5B00F77A82 /* ContentView.swift */ = {isa = PBXFileReference; lastKnownFileType = sourcecode.swift; path = ContentView.swift; sourceTree = "<group>"; };
		3662164F286C4C5D00F77A82 /* Assets.xcassets */ = {isa = PBXFileReference; lastKnownFileType = folder.assetcatalog; path = Assets.xcassets; sourceTree = "<group>"; };
		36621652286C4C5D00F77A82 /* Preview Assets.xcassets */ = {isa = PBXFileReference; lastKnownFileType = folder.assetcatalog; path = "Preview Assets.xcassets"; sourceTree = "<group>"; };
		3662165C286C4F5800F77A82 /* ColorExtensions.swift */ = {isa = PBXFileReference; lastKnownFileType = sourcecode.swift; path = ColorExtensions.swift; sourceTree = "<group>"; };
		3662165E286C51C500F77A82 /* Core.swift */ = {isa = PBXFileReference; lastKnownFileType = sourcecode.swift; path = Core.swift; sourceTree = "<group>"; };
		3682D588286C5AC700589DB5 /* AnswerView.swift */ = {isa = PBXFileReference; lastKnownFileType = sourcecode.swift; path = AnswerView.swift; sourceTree = "<group>"; };
/* End PBXFileReference section */

/* Begin PBXFrameworksBuildPhase section */
		36621645286C4C5B00F77A82 /* Frameworks */ = {
			isa = PBXFrameworksBuildPhase;
			buildActionMask = 2147483647;
			files = (
				3662165B286C4EB700F77A82 /* ComposableArchitecture in Frameworks */,
			);
			runOnlyForDeploymentPostprocessing = 0;
		};
/* End PBXFrameworksBuildPhase section */

/* Begin PBXGroup section */
		3662163F286C4C5B00F77A82 = {
			isa = PBXGroup;
			children = (
				3662164A286C4C5B00F77A82 /* AnzanApp-TCA */,
				36621649286C4C5B00F77A82 /* Products */,
			);
			sourceTree = "<group>";
		};
		36621649286C4C5B00F77A82 /* Products */ = {
			isa = PBXGroup;
			children = (
				36621648286C4C5B00F77A82 /* AnzanApp-TCA.app */,
			);
			name = Products;
			sourceTree = "<group>";
		};
		3662164A286C4C5B00F77A82 /* AnzanApp-TCA */ = {
			isa = PBXGroup;
			children = (
				3662164B286C4C5B00F77A82 /* AnzanApp_TCAApp.swift */,
				3662164D286C4C5B00F77A82 /* ContentView.swift */,
				3682D588286C5AC700589DB5 /* AnswerView.swift */,
				3662165E286C51C500F77A82 /* Core.swift */,
				3662165C286C4F5800F77A82 /* ColorExtensions.swift */,
				3662164F286C4C5D00F77A82 /* Assets.xcassets */,
				36621651286C4C5D00F77A82 /* Preview Content */,
			);
			path = "AnzanApp-TCA";
			sourceTree = "<group>";
		};
		36621651286C4C5D00F77A82 /* Preview Content */ = {
			isa = PBXGroup;
			children = (
				36621652286C4C5D00F77A82 /* Preview Assets.xcassets */,
			);
			path = "Preview Content";
			sourceTree = "<group>";
		};
/* End PBXGroup section */

/* Begin PBXNativeTarget section */
		36621647286C4C5B00F77A82 /* AnzanApp-TCA */ = {
			isa = PBXNativeTarget;
			buildConfigurationList = 36621656286C4C5D00F77A82 /* Build configuration list for PBXNativeTarget "AnzanApp-TCA" */;
			buildPhases = (
				36621644286C4C5B00F77A82 /* Sources */,
				36621645286C4C5B00F77A82 /* Frameworks */,
				36621646286C4C5B00F77A82 /* Resources */,
			);
			buildRules = (
			);
			dependencies = (
			);
			name = "AnzanApp-TCA";
			packageProductDependencies = (
				3662165A286C4EB700F77A82 /* ComposableArchitecture */,
			);
			productName = "AnzanApp-TCA";
			productReference = 36621648286C4C5B00F77A82 /* AnzanApp-TCA.app */;
			productType = "com.apple.product-type.application";
		};
/* End PBXNativeTarget section */

/* Begin PBXProject section */
		36621640286C4C5B00F77A82 /* Project object */ = {
			isa = PBXProject;
			attributes = {
				BuildIndependentTargetsInParallel = 1;
				LastSwiftUpdateCheck = 1340;
				LastUpgradeCheck = 1340;
				TargetAttributes = {
					36621647286C4C5B00F77A82 = {
						CreatedOnToolsVersion = 13.4;
					};
				};
			};
			buildConfigurationList = 36621643286C4C5B00F77A82 /* Build configuration list for PBXProject "AnzanApp-TCA" */;
			compatibilityVersion = "Xcode 13.0";
			developmentRegion = en;
			hasScannedForEncodings = 0;
			knownRegions = (
				en,
				Base,
			);
			mainGroup = 3662163F286C4C5B00F77A82;
			packageReferences = (
				36621659286C4EB600F77A82 /* XCRemoteSwiftPackageReference "swift-composable-architecture" */,
			);
			productRefGroup = 36621649286C4C5B00F77A82 /* Products */;
			projectDirPath = "";
			projectRoot = "";
			targets = (
				36621647286C4C5B00F77A82 /* AnzanApp-TCA */,
			);
		};
/* End PBXProject section */

/* Begin PBXResourcesBuildPhase section */
		36621646286C4C5B00F77A82 /* Resources */ = {
			isa = PBXResourcesBuildPhase;
			buildActionMask = 2147483647;
			files = (
				36621653286C4C5D00F77A82 /* Preview Assets.xcassets in Resources */,
				36621650286C4C5D00F77A82 /* Assets.xcassets in Resources */,
			);
			runOnlyForDeploymentPostprocessing = 0;
		};
/* End PBXResourcesBuildPhase section */

/* Begin PBXSourcesBuildPhase section */
		36621644286C4C5B00F77A82 /* Sources */ = {
			isa = PBXSourcesBuildPhase;
			buildActionMask = 2147483647;
			files = (
				3662164E286C4C5B00F77A82 /* ContentView.swift in Sources */,
				3662164C286C4C5B00F77A82 /* AnzanApp_TCAApp.swift in Sources */,
				3682D589286C5AC700589DB5 /* AnswerView.swift in Sources */,
				3662165F286C51C500F77A82 /* Core.swift in Sources */,
				3662165D286C4F5800F77A82 /* ColorExtensions.swift in Sources */,
			);
			runOnlyForDeploymentPostprocessing = 0;
		};
/* End PBXSourcesBuildPhase section */

/* Begin XCBuildConfiguration section */
		36621654286C4C5D00F77A82 /* Debug */ = {
			isa = XCBuildConfiguration;
			buildSettings = {
				ALWAYS_SEARCH_USER_PATHS = NO;
				CLANG_ANALYZER_NONNULL = YES;
				CLANG_ANALYZER_NUMBER_OBJECT_CONVERSION = YES_AGGRESSIVE;
				CLANG_CXX_LANGUAGE_STANDARD = "gnu++17";
				CLANG_ENABLE_MODULES = YES;
				CLANG_ENABLE_OBJC_ARC = YES;
				CLANG_ENABLE_OBJC_WEAK = YES;
				CLANG_WARN_BLOCK_CAPTURE_AUTORELEASING = YES;
				CLANG_WARN_BOOL_CONVERSION = YES;
				CLANG_WARN_COMMA = YES;
				CLANG_WARN_CONSTANT_CONVERSION = YES;
				CLANG_WARN_DEPRECATED_OBJC_IMPLEMENTATIONS = YES;
				CLANG_WARN_DIRECT_OBJC_ISA_USAGE = YES_ERROR;
				CLANG_WARN_DOCUMENTATION_COMMENTS = YES;
				CLANG_WARN_EMPTY_BODY = YES;
				CLANG_WARN_ENUM_CONVERSION = YES;
				CLANG_WARN_INFINITE_RECURSION = YES;
				CLANG_WARN_INT_CONVERSION = YES;
				CLANG_WARN_NON_LITERAL_NULL_CONVERSION = YES;
				CLANG_WARN_OBJC_IMPLICIT_RETAIN_SELF = YES;
				CLANG_WARN_OBJC_LITERAL_CONVERSION = YES;
				CLANG_WARN_OBJC_ROOT_CLASS = YES_ERROR;
				CLANG_WARN_QUOTED_INCLUDE_IN_FRAMEWORK_HEADER = YES;
				CLANG_WARN_RANGE_LOOP_ANALYSIS = YES;
				CLANG_WARN_STRICT_PROTOTYPES = YES;
				CLANG_WARN_SUSPICIOUS_MOVE = YES;
				CLANG_WARN_UNGUARDED_AVAILABILITY = YES_AGGRESSIVE;
				CLANG_WARN_UNREACHABLE_CODE = YES;
				CLANG_WARN__DUPLICATE_METHOD_MATCH = YES;
				COPY_PHASE_STRIP = NO;
				DEBUG_INFORMATION_FORMAT = dwarf;
				ENABLE_STRICT_OBJC_MSGSEND = YES;
				ENABLE_TESTABILITY = YES;
				GCC_C_LANGUAGE_STANDARD = gnu11;
				GCC_DYNAMIC_NO_PIC = NO;
				GCC_NO_COMMON_BLOCKS = YES;
				GCC_OPTIMIZATION_LEVEL = 0;
				GCC_PREPROCESSOR_DEFINITIONS = (
					"DEBUG=1",
					"$(inherited)",
				);
				GCC_WARN_64_TO_32_BIT_CONVERSION = YES;
				GCC_WARN_ABOUT_RETURN_TYPE = YES_ERROR;
				GCC_WARN_UNDECLARED_SELECTOR = YES;
				GCC_WARN_UNINITIALIZED_AUTOS = YES_AGGRESSIVE;
				GCC_WARN_UNUSED_FUNCTION = YES;
				GCC_WARN_UNUSED_VARIABLE = YES;
				IPHONEOS_DEPLOYMENT_TARGET = 15.5;
				MTL_ENABLE_DEBUG_INFO = INCLUDE_SOURCE;
				MTL_FAST_MATH = YES;
				ONLY_ACTIVE_ARCH = YES;
				SDKROOT = iphoneos;
				SWIFT_ACTIVE_COMPILATION_CONDITIONS = DEBUG;
				SWIFT_OPTIMIZATION_LEVEL = "-Onone";
			};
			name = Debug;
		};
		36621655286C4C5D00F77A82 /* Release */ = {
			isa = XCBuildConfiguration;
			buildSettings = {
				ALWAYS_SEARCH_USER_PATHS = NO;
				CLANG_ANALYZER_NONNULL = YES;
				CLANG_ANALYZER_NUMBER_OBJECT_CONVERSION = YES_AGGRESSIVE;
				CLANG_CXX_LANGUAGE_STANDARD = "gnu++17";
				CLANG_ENABLE_MODULES = YES;
				CLANG_ENABLE_OBJC_ARC = YES;
				CLANG_ENABLE_OBJC_WEAK = YES;
				CLANG_WARN_BLOCK_CAPTURE_AUTORELEASING = YES;
				CLANG_WARN_BOOL_CONVERSION = YES;
				CLANG_WARN_COMMA = YES;
				CLANG_WARN_CONSTANT_CONVERSION = YES;
				CLANG_WARN_DEPRECATED_OBJC_IMPLEMENTATIONS = YES;
				CLANG_WARN_DIRECT_OBJC_ISA_USAGE = YES_ERROR;
				CLANG_WARN_DOCUMENTATION_COMMENTS = YES;
				CLANG_WARN_EMPTY_BODY = YES;
				CLANG_WARN_ENUM_CONVERSION = YES;
				CLANG_WARN_INFINITE_RECURSION = YES;
				CLANG_WARN_INT_CONVERSION = YES;
				CLANG_WARN_NON_LITERAL_NULL_CONVERSION = YES;
				CLANG_WARN_OBJC_IMPLICIT_RETAIN_SELF = YES;
				CLANG_WARN_OBJC_LITERAL_CONVERSION = YES;
				CLANG_WARN_OBJC_ROOT_CLASS = YES_ERROR;
				CLANG_WARN_QUOTED_INCLUDE_IN_FRAMEWORK_HEADER = YES;
				CLANG_WARN_RANGE_LOOP_ANALYSIS = YES;
				CLANG_WARN_STRICT_PROTOTYPES = YES;
				CLANG_WARN_SUSPICIOUS_MOVE = YES;
				CLANG_WARN_UNGUARDED_AVAILABILITY = YES_AGGRESSIVE;
				CLANG_WARN_UNREACHABLE_CODE = YES;
				CLANG_WARN__DUPLICATE_METHOD_MATCH = YES;
				COPY_PHASE_STRIP = NO;
				DEBUG_INFORMATION_FORMAT = "dwarf-with-dsym";
				ENABLE_NS_ASSERTIONS = NO;
				ENABLE_STRICT_OBJC_MSGSEND = YES;
				GCC_C_LANGUAGE_STANDARD = gnu11;
				GCC_NO_COMMON_BLOCKS = YES;
				GCC_WARN_64_TO_32_BIT_CONVERSION = YES;
				GCC_WARN_ABOUT_RETURN_TYPE = YES_ERROR;
				GCC_WARN_UNDECLARED_SELECTOR = YES;
				GCC_WARN_UNINITIALIZED_AUTOS = YES_AGGRESSIVE;
				GCC_WARN_UNUSED_FUNCTION = YES;
				GCC_WARN_UNUSED_VARIABLE = YES;
				IPHONEOS_DEPLOYMENT_TARGET = 15.5;
				MTL_ENABLE_DEBUG_INFO = NO;
				MTL_FAST_MATH = YES;
				SDKROOT = iphoneos;
				SWIFT_COMPILATION_MODE = wholemodule;
				SWIFT_OPTIMIZATION_LEVEL = "-O";
				VALIDATE_PRODUCT = YES;
			};
			name = Release;
		};
		36621657286C4C5D00F77A82 /* Debug */ = {
			isa = XCBuildConfiguration;
			buildSettings = {
				ASSETCATALOG_COMPILER_APPICON_NAME = AppIcon;
				ASSETCATALOG_COMPILER_GLOBAL_ACCENT_COLOR_NAME = AccentColor;
				CODE_SIGN_STYLE = Automatic;
				CURRENT_PROJECT_VERSION = 1;
				DEVELOPMENT_ASSET_PATHS = "\"AnzanApp-TCA/Preview Content\"";
				DEVELOPMENT_TEAM = 3BBTSUW2QV;
				ENABLE_PREVIEWS = YES;
				GENERATE_INFOPLIST_FILE = YES;
				INFOPLIST_KEY_UIApplicationSceneManifest_Generation = YES;
				INFOPLIST_KEY_UIApplicationSupportsIndirectInputEvents = YES;
				INFOPLIST_KEY_UILaunchScreen_Generation = YES;
				INFOPLIST_KEY_UISupportedInterfaceOrientations_iPad = "UIInterfaceOrientationPortrait UIInterfaceOrientationPortraitUpsideDown UIInterfaceOrientationLandscapeLeft UIInterfaceOrientationLandscapeRight";
				INFOPLIST_KEY_UISupportedInterfaceOrientations_iPhone = "UIInterfaceOrientationPortrait UIInterfaceOrientationLandscapeLeft UIInterfaceOrientationLandscapeRight";
				LD_RUNPATH_SEARCH_PATHS = (
					"$(inherited)",
					"@executable_path/Frameworks",
				);
				MARKETING_VERSION = 1.0;
				PRODUCT_BUNDLE_IDENTIFIER = "com.motoki.AnzanApp-TCA";
				PRODUCT_NAME = "$(TARGET_NAME)";
				SWIFT_EMIT_LOC_STRINGS = YES;
				SWIFT_VERSION = 5.0;
				TARGETED_DEVICE_FAMILY = "1,2";
			};
			name = Debug;
		};
		36621658286C4C5D00F77A82 /* Release */ = {
			isa = XCBuildConfiguration;
			buildSettings = {
				ASSETCATALOG_COMPILER_APPICON_NAME = AppIcon;
				ASSETCATALOG_COMPILER_GLOBAL_ACCENT_COLOR_NAME = AccentColor;
				CODE_SIGN_STYLE = Automatic;
				CURRENT_PROJECT_VERSION = 1;
				DEVELOPMENT_ASSET_PATHS = "\"AnzanApp-TCA/Preview Content\"";
				DEVELOPMENT_TEAM = 3BBTSUW2QV;
				ENABLE_PREVIEWS = YES;
				GENERATE_INFOPLIST_FILE = YES;
				INFOPLIST_KEY_UIApplicationSceneManifest_Generation = YES;
				INFOPLIST_KEY_UIApplicationSupportsIndirectInputEvents = YES;
				INFOPLIST_KEY_UILaunchScreen_Generation = YES;
				INFOPLIST_KEY_UISupportedInterfaceOrientations_iPad = "UIInterfaceOrientationPortrait UIInterfaceOrientationPortraitUpsideDown UIInterfaceOrientationLandscapeLeft UIInterfaceOrientationLandscapeRight";
				INFOPLIST_KEY_UISupportedInterfaceOrientations_iPhone = "UIInterfaceOrientationPortrait UIInterfaceOrientationLandscapeLeft UIInterfaceOrientationLandscapeRight";
				LD_RUNPATH_SEARCH_PATHS = (
					"$(inherited)",
					"@executable_path/Frameworks",
				);
				MARKETING_VERSION = 1.0;
				PRODUCT_BUNDLE_IDENTIFIER = "com.motoki.AnzanApp-TCA";
				PRODUCT_NAME = "$(TARGET_NAME)";
				SWIFT_EMIT_LOC_STRINGS = YES;
				SWIFT_VERSION = 5.0;
				TARGETED_DEVICE_FAMILY = "1,2";
			};
			name = Release;
		};
/* End XCBuildConfiguration section */

/* Begin XCConfigurationList section */
		36621643286C4C5B00F77A82 /* Build configuration list for PBXProject "AnzanApp-TCA" */ = {
			isa = XCConfigurationList;
			buildConfigurations = (
				36621654286C4C5D00F77A82 /* Debug */,
				36621655286C4C5D00F77A82 /* Release */,
			);
			defaultConfigurationIsVisible = 0;
			defaultConfigurationName = Release;
		};
		36621656286C4C5D00F77A82 /* Build configuration list for PBXNativeTarget "AnzanApp-TCA" */ = {
			isa = XCConfigurationList;
			buildConfigurations = (
				36621657286C4C5D00F77A82 /* Debug */,
				36621658286C4C5D00F77A82 /* Release */,
			);
			defaultConfigurationIsVisible = 0;
			defaultConfigurationName = Release;
		};
/* End XCConfigurationList section */

/* Begin XCRemoteSwiftPackageReference section */
		36621659286C4EB600F77A82 /* XCRemoteSwiftPackageReference "swift-composable-architecture" */ = {
			isa = XCRemoteSwiftPackageReference;
			repositoryURL = "git@github.com:pointfreeco/swift-composable-architecture.git";
			requirement = {
				kind = upToNextMajorVersion;
				minimumVersion = 0.38.1;
			};
		};
/* End XCRemoteSwiftPackageReference section */

/* Begin XCSwiftPackageProductDependency section */
		3662165A286C4EB700F77A82 /* ComposableArchitecture */ = {
			isa = XCSwiftPackageProductDependency;
			package = 36621659286C4EB600F77A82 /* XCRemoteSwiftPackageReference "swift-composable-architecture" */;
			productName = ComposableArchitecture;
		};
/* End XCSwiftPackageProductDependency section */
	};
	rootObject = 36621640286C4C5B00F77A82 /* Project object */;
}
