// !$*UTF8*$!
{
	archiveVersion = 1;
	classes = {
	};
	objectVersion = 55;
	objects = {

/* Begin PBXBuildFile section */
		365FEDEC285D4FFB00DD993C /* Counter.swift in Sources */ = {isa = PBXBuildFile; fileRef = 365FEDEB285D4FFB00DD993C /* Counter.swift */; };
		365FEDEE285D502700DD993C /* RootView.swift in Sources */ = {isa = PBXBuildFile; fileRef = 365FEDED285D502700DD993C /* RootView.swift */; };
		365FEDF0285D504400DD993C /* Core.swift in Sources */ = {isa = PBXBuildFile; fileRef = 365FEDEF285D504400DD993C /* Core.swift */; };
		365FEDF2285D505200DD993C /* Two-Counters.swift in Sources */ = {isa = PBXBuildFile; fileRef = 365FEDF1285D505200DD993C /* Two-Counters.swift */; };
		36C81774285D4BBF000C9CE4 /* TCA_CaseStudiesApp.swift in Sources */ = {isa = PBXBuildFile; fileRef = 36C81773285D4BBF000C9CE4 /* TCA_CaseStudiesApp.swift */; };
		36C81778285D4BC1000C9CE4 /* Assets.xcassets in Resources */ = {isa = PBXBuildFile; fileRef = 36C81777285D4BC1000C9CE4 /* Assets.xcassets */; };
		36C8177B285D4BC1000C9CE4 /* Preview Assets.xcassets in Resources */ = {isa = PBXBuildFile; fileRef = 36C8177A285D4BC1000C9CE4 /* Preview Assets.xcassets */; };
		36C81783285D4C20000C9CE4 /* ComposableArchitecture in Frameworks */ = {isa = PBXBuildFile; productRef = 36C81782285D4C20000C9CE4 /* ComposableArchitecture */; };
/* End PBXBuildFile section */

/* Begin PBXFileReference section */
		365FEDEB285D4FFB00DD993C /* Counter.swift */ = {isa = PBXFileReference; lastKnownFileType = sourcecode.swift; path = Counter.swift; sourceTree = "<group>"; };
		365FEDED285D502700DD993C /* RootView.swift */ = {isa = PBXFileReference; lastKnownFileType = sourcecode.swift; path = RootView.swift; sourceTree = "<group>"; };
		365FEDEF285D504400DD993C /* Core.swift */ = {isa = PBXFileReference; lastKnownFileType = sourcecode.swift; path = Core.swift; sourceTree = "<group>"; };
		365FEDF1285D505200DD993C /* Two-Counters.swift */ = {isa = PBXFileReference; lastKnownFileType = sourcecode.swift; path = "Two-Counters.swift"; sourceTree = "<group>"; };
		36C81770285D4BBF000C9CE4 /* TCA-CaseStudies.app */ = {isa = PBXFileReference; explicitFileType = wrapper.application; includeInIndex = 0; path = "TCA-CaseStudies.app"; sourceTree = BUILT_PRODUCTS_DIR; };
		36C81773285D4BBF000C9CE4 /* TCA_CaseStudiesApp.swift */ = {isa = PBXFileReference; lastKnownFileType = sourcecode.swift; path = TCA_CaseStudiesApp.swift; sourceTree = "<group>"; };
		36C81777285D4BC1000C9CE4 /* Assets.xcassets */ = {isa = PBXFileReference; lastKnownFileType = folder.assetcatalog; path = Assets.xcassets; sourceTree = "<group>"; };
		36C8177A285D4BC1000C9CE4 /* Preview Assets.xcassets */ = {isa = PBXFileReference; lastKnownFileType = folder.assetcatalog; path = "Preview Assets.xcassets"; sourceTree = "<group>"; };
/* End PBXFileReference section */

/* Begin PBXFrameworksBuildPhase section */
		36C8176D285D4BBF000C9CE4 /* Frameworks */ = {
			isa = PBXFrameworksBuildPhase;
			buildActionMask = 2147483647;
			files = (
				36C81783285D4C20000C9CE4 /* ComposableArchitecture in Frameworks */,
			);
			runOnlyForDeploymentPostprocessing = 0;
		};
/* End PBXFrameworksBuildPhase section */

/* Begin PBXGroup section */
		36C81767285D4BBF000C9CE4 = {
			isa = PBXGroup;
			children = (
				36C81772285D4BBF000C9CE4 /* TCA-CaseStudies */,
				36C81771285D4BBF000C9CE4 /* Products */,
			);
			sourceTree = "<group>";
		};
		36C81771285D4BBF000C9CE4 /* Products */ = {
			isa = PBXGroup;
			children = (
				36C81770285D4BBF000C9CE4 /* TCA-CaseStudies.app */,
			);
			name = Products;
			sourceTree = "<group>";
		};
		36C81772285D4BBF000C9CE4 /* TCA-CaseStudies */ = {
			isa = PBXGroup;
			children = (
				36C81773285D4BBF000C9CE4 /* TCA_CaseStudiesApp.swift */,
				365FEDEB285D4FFB00DD993C /* Counter.swift */,
				365FEDF1285D505200DD993C /* Two-Counters.swift */,
				365FEDED285D502700DD993C /* RootView.swift */,
				365FEDEF285D504400DD993C /* Core.swift */,
				36C81777285D4BC1000C9CE4 /* Assets.xcassets */,
				36C81779285D4BC1000C9CE4 /* Preview Content */,
			);
			path = "TCA-CaseStudies";
			sourceTree = "<group>";
		};
		36C81779285D4BC1000C9CE4 /* Preview Content */ = {
			isa = PBXGroup;
			children = (
				36C8177A285D4BC1000C9CE4 /* Preview Assets.xcassets */,
			);
			path = "Preview Content";
			sourceTree = "<group>";
		};
/* End PBXGroup section */

/* Begin PBXNativeTarget section */
		36C8176F285D4BBF000C9CE4 /* TCA-CaseStudies */ = {
			isa = PBXNativeTarget;
			buildConfigurationList = 36C8177E285D4BC1000C9CE4 /* Build configuration list for PBXNativeTarget "TCA-CaseStudies" */;
			buildPhases = (
				36C8176C285D4BBF000C9CE4 /* Sources */,
				36C8176D285D4BBF000C9CE4 /* Frameworks */,
				36C8176E285D4BBF000C9CE4 /* Resources */,
			);
			buildRules = (
			);
			dependencies = (
			);
			name = "TCA-CaseStudies";
			packageProductDependencies = (
				36C81782285D4C20000C9CE4 /* ComposableArchitecture */,
			);
			productName = "TCA-CaseStudies";
			productReference = 36C81770285D4BBF000C9CE4 /* TCA-CaseStudies.app */;
			productType = "com.apple.product-type.application";
		};
/* End PBXNativeTarget section */

/* Begin PBXProject section */
		36C81768285D4BBF000C9CE4 /* Project object */ = {
			isa = PBXProject;
			attributes = {
				BuildIndependentTargetsInParallel = 1;
				LastSwiftUpdateCheck = 1340;
				LastUpgradeCheck = 1340;
				TargetAttributes = {
					36C8176F285D4BBF000C9CE4 = {
						CreatedOnToolsVersion = 13.4;
					};
				};
			};
			buildConfigurationList = 36C8176B285D4BBF000C9CE4 /* Build configuration list for PBXProject "TCA-CaseStudies" */;
			compatibilityVersion = "Xcode 13.0";
			developmentRegion = en;
			hasScannedForEncodings = 0;
			knownRegions = (
				en,
				Base,
			);
			mainGroup = 36C81767285D4BBF000C9CE4;
			packageReferences = (
				36C81781285D4C20000C9CE4 /* XCRemoteSwiftPackageReference "swift-composable-architecture" */,
			);
			productRefGroup = 36C81771285D4BBF000C9CE4 /* Products */;
			projectDirPath = "";
			projectRoot = "";
			targets = (
				36C8176F285D4BBF000C9CE4 /* TCA-CaseStudies */,
			);
		};
/* End PBXProject section */

/* Begin PBXResourcesBuildPhase section */
		36C8176E285D4BBF000C9CE4 /* Resources */ = {
			isa = PBXResourcesBuildPhase;
			buildActionMask = 2147483647;
			files = (
				36C8177B285D4BC1000C9CE4 /* Preview Assets.xcassets in Resources */,
				36C81778285D4BC1000C9CE4 /* Assets.xcassets in Resources */,
			);
			runOnlyForDeploymentPostprocessing = 0;
		};
/* End PBXResourcesBuildPhase section */

/* Begin PBXSourcesBuildPhase section */
		36C8176C285D4BBF000C9CE4 /* Sources */ = {
			isa = PBXSourcesBuildPhase;
			buildActionMask = 2147483647;
			files = (
				365FEDEC285D4FFB00DD993C /* Counter.swift in Sources */,
				36C81774285D4BBF000C9CE4 /* TCA_CaseStudiesApp.swift in Sources */,
				365FEDF2285D505200DD993C /* Two-Counters.swift in Sources */,
				365FEDF0285D504400DD993C /* Core.swift in Sources */,
				365FEDEE285D502700DD993C /* RootView.swift in Sources */,
			);
			runOnlyForDeploymentPostprocessing = 0;
		};
/* End PBXSourcesBuildPhase section */

/* Begin XCBuildConfiguration section */
		36C8177C285D4BC1000C9CE4 /* Debug */ = {
			isa = XCBuildConfiguration;
			buildSettings = {
				ALWAYS_SEARCH_USER_PATHS = NO;
				CLANG_ANALYZER_NONNULL = YES;
				CLANG_ANALYZER_NUMBER_OBJECT_CONVERSION = YES_AGGRESSIVE;
				CLANG_CXX_LANGUAGE_STANDARD = "gnu++17";
				CLANG_ENABLE_MODULES = YES;
				CLANG_ENABLE_OBJC_ARC = YES;
				CLANG_ENABLE_OBJC_WEAK = YES;
				CLANG_WARN_BLOCK_CAPTURE_AUTORELEASING = YES;
				CLANG_WARN_BOOL_CONVERSION = YES;
				CLANG_WARN_COMMA = YES;
				CLANG_WARN_CONSTANT_CONVERSION = YES;
				CLANG_WARN_DEPRECATED_OBJC_IMPLEMENTATIONS = YES;
				CLANG_WARN_DIRECT_OBJC_ISA_USAGE = YES_ERROR;
				CLANG_WARN_DOCUMENTATION_COMMENTS = YES;
				CLANG_WARN_EMPTY_BODY = YES;
				CLANG_WARN_ENUM_CONVERSION = YES;
				CLANG_WARN_INFINITE_RECURSION = YES;
				CLANG_WARN_INT_CONVERSION = YES;
				CLANG_WARN_NON_LITERAL_NULL_CONVERSION = YES;
				CLANG_WARN_OBJC_IMPLICIT_RETAIN_SELF = YES;
				CLANG_WARN_OBJC_LITERAL_CONVERSION = YES;
				CLANG_WARN_OBJC_ROOT_CLASS = YES_ERROR;
				CLANG_WARN_QUOTED_INCLUDE_IN_FRAMEWORK_HEADER = YES;
				CLANG_WARN_RANGE_LOOP_ANALYSIS = YES;
				CLANG_WARN_STRICT_PROTOTYPES = YES;
				CLANG_WARN_SUSPICIOUS_MOVE = YES;
				CLANG_WARN_UNGUARDED_AVAILABILITY = YES_AGGRESSIVE;
				CLANG_WARN_UNREACHABLE_CODE = YES;
				CLANG_WARN__DUPLICATE_METHOD_MATCH = YES;
				COPY_PHASE_STRIP = NO;
				DEBUG_INFORMATION_FORMAT = dwarf;
				ENABLE_STRICT_OBJC_MSGSEND = YES;
				ENABLE_TESTABILITY = YES;
				GCC_C_LANGUAGE_STANDARD = gnu11;
				GCC_DYNAMIC_NO_PIC = NO;
				GCC_NO_COMMON_BLOCKS = YES;
				GCC_OPTIMIZATION_LEVEL = 0;
				GCC_PREPROCESSOR_DEFINITIONS = (
					"DEBUG=1",
					"$(inherited)",
				);
				GCC_WARN_64_TO_32_BIT_CONVERSION = YES;
				GCC_WARN_ABOUT_RETURN_TYPE = YES_ERROR;
				GCC_WARN_UNDECLARED_SELECTOR = YES;
				GCC_WARN_UNINITIALIZED_AUTOS = YES_AGGRESSIVE;
				GCC_WARN_UNUSED_FUNCTION = YES;
				GCC_WARN_UNUSED_VARIABLE = YES;
				IPHONEOS_DEPLOYMENT_TARGET = 15.5;
				MTL_ENABLE_DEBUG_INFO = INCLUDE_SOURCE;
				MTL_FAST_MATH = YES;
				ONLY_ACTIVE_ARCH = YES;
				SDKROOT = iphoneos;
				SWIFT_ACTIVE_COMPILATION_CONDITIONS = DEBUG;
				SWIFT_OPTIMIZATION_LEVEL = "-Onone";
			};
			name = Debug;
		};
		36C8177D285D4BC1000C9CE4 /* Release */ = {
			isa = XCBuildConfiguration;
			buildSettings = {
				ALWAYS_SEARCH_USER_PATHS = NO;
				CLANG_ANALYZER_NONNULL = YES;
				CLANG_ANALYZER_NUMBER_OBJECT_CONVERSION = YES_AGGRESSIVE;
				CLANG_CXX_LANGUAGE_STANDARD = "gnu++17";
				CLANG_ENABLE_MODULES = YES;
				CLANG_ENABLE_OBJC_ARC = YES;
				CLANG_ENABLE_OBJC_WEAK = YES;
				CLANG_WARN_BLOCK_CAPTURE_AUTORELEASING = YES;
				CLANG_WARN_BOOL_CONVERSION = YES;
				CLANG_WARN_COMMA = YES;
				CLANG_WARN_CONSTANT_CONVERSION = YES;
				CLANG_WARN_DEPRECATED_OBJC_IMPLEMENTATIONS = YES;
				CLANG_WARN_DIRECT_OBJC_ISA_USAGE = YES_ERROR;
				CLANG_WARN_DOCUMENTATION_COMMENTS = YES;
				CLANG_WARN_EMPTY_BODY = YES;
				CLANG_WARN_ENUM_CONVERSION = YES;
				CLANG_WARN_INFINITE_RECURSION = YES;
				CLANG_WARN_INT_CONVERSION = YES;
				CLANG_WARN_NON_LITERAL_NULL_CONVERSION = YES;
				CLANG_WARN_OBJC_IMPLICIT_RETAIN_SELF = YES;
				CLANG_WARN_OBJC_LITERAL_CONVERSION = YES;
				CLANG_WARN_OBJC_ROOT_CLASS = YES_ERROR;
				CLANG_WARN_QUOTED_INCLUDE_IN_FRAMEWORK_HEADER = YES;
				CLANG_WARN_RANGE_LOOP_ANALYSIS = YES;
				CLANG_WARN_STRICT_PROTOTYPES = YES;
				CLANG_WARN_SUSPICIOUS_MOVE = YES;
				CLANG_WARN_UNGUARDED_AVAILABILITY = YES_AGGRESSIVE;
				CLANG_WARN_UNREACHABLE_CODE = YES;
				CLANG_WARN__DUPLICATE_METHOD_MATCH = YES;
				COPY_PHASE_STRIP = NO;
				DEBUG_INFORMATION_FORMAT = "dwarf-with-dsym";
				ENABLE_NS_ASSERTIONS = NO;
				ENABLE_STRICT_OBJC_MSGSEND = YES;
				GCC_C_LANGUAGE_STANDARD = gnu11;
				GCC_NO_COMMON_BLOCKS = YES;
				GCC_WARN_64_TO_32_BIT_CONVERSION = YES;
				GCC_WARN_ABOUT_RETURN_TYPE = YES_ERROR;
				GCC_WARN_UNDECLARED_SELECTOR = YES;
				GCC_WARN_UNINITIALIZED_AUTOS = YES_AGGRESSIVE;
				GCC_WARN_UNUSED_FUNCTION = YES;
				GCC_WARN_UNUSED_VARIABLE = YES;
				IPHONEOS_DEPLOYMENT_TARGET = 15.5;
				MTL_ENABLE_DEBUG_INFO = NO;
				MTL_FAST_MATH = YES;
				SDKROOT = iphoneos;
				SWIFT_COMPILATION_MODE = wholemodule;
				SWIFT_OPTIMIZATION_LEVEL = "-O";
				VALIDATE_PRODUCT = YES;
			};
			name = Release;
		};
		36C8177F285D4BC1000C9CE4 /* Debug */ = {
			isa = XCBuildConfiguration;
			buildSettings = {
				ASSETCATALOG_COMPILER_APPICON_NAME = AppIcon;
				ASSETCATALOG_COMPILER_GLOBAL_ACCENT_COLOR_NAME = AccentColor;
				CODE_SIGN_STYLE = Automatic;
				CURRENT_PROJECT_VERSION = 1;
				DEVELOPMENT_ASSET_PATHS = "\"TCA-CaseStudies/Preview Content\"";
				DEVELOPMENT_TEAM = 3BBTSUW2QV;
				ENABLE_PREVIEWS = YES;
				GENERATE_INFOPLIST_FILE = YES;
				INFOPLIST_KEY_UIApplicationSceneManifest_Generation = YES;
				INFOPLIST_KEY_UIApplicationSupportsIndirectInputEvents = YES;
				INFOPLIST_KEY_UILaunchScreen_Generation = YES;
				INFOPLIST_KEY_UISupportedInterfaceOrientations_iPad = "UIInterfaceOrientationPortrait UIInterfaceOrientationPortraitUpsideDown UIInterfaceOrientationLandscapeLeft UIInterfaceOrientationLandscapeRight";
				INFOPLIST_KEY_UISupportedInterfaceOrientations_iPhone = "UIInterfaceOrientationPortrait UIInterfaceOrientationLandscapeLeft UIInterfaceOrientationLandscapeRight";
				LD_RUNPATH_SEARCH_PATHS = (
					"$(inherited)",
					"@executable_path/Frameworks",
				);
				MARKETING_VERSION = 1.0;
				PRODUCT_BUNDLE_IDENTIFIER = "com.motoki.TCA-CaseStudies";
				PRODUCT_NAME = "$(TARGET_NAME)";
				SWIFT_EMIT_LOC_STRINGS = YES;
				SWIFT_VERSION = 5.0;
				TARGETED_DEVICE_FAMILY = "1,2";
			};
			name = Debug;
		};
		36C81780285D4BC1000C9CE4 /* Release */ = {
			isa = XCBuildConfiguration;
			buildSettings = {
				ASSETCATALOG_COMPILER_APPICON_NAME = AppIcon;
				ASSETCATALOG_COMPILER_GLOBAL_ACCENT_COLOR_NAME = AccentColor;
				CODE_SIGN_STYLE = Automatic;
				CURRENT_PROJECT_VERSION = 1;
				DEVELOPMENT_ASSET_PATHS = "\"TCA-CaseStudies/Preview Content\"";
				DEVELOPMENT_TEAM = 3BBTSUW2QV;
				ENABLE_PREVIEWS = YES;
				GENERATE_INFOPLIST_FILE = YES;
				INFOPLIST_KEY_UIApplicationSceneManifest_Generation = YES;
				INFOPLIST_KEY_UIApplicationSupportsIndirectInputEvents = YES;
				INFOPLIST_KEY_UILaunchScreen_Generation = YES;
				INFOPLIST_KEY_UISupportedInterfaceOrientations_iPad = "UIInterfaceOrientationPortrait UIInterfaceOrientationPortraitUpsideDown UIInterfaceOrientationLandscapeLeft UIInterfaceOrientationLandscapeRight";
				INFOPLIST_KEY_UISupportedInterfaceOrientations_iPhone = "UIInterfaceOrientationPortrait UIInterfaceOrientationLandscapeLeft UIInterfaceOrientationLandscapeRight";
				LD_RUNPATH_SEARCH_PATHS = (
					"$(inherited)",
					"@executable_path/Frameworks",
				);
				MARKETING_VERSION = 1.0;
				PRODUCT_BUNDLE_IDENTIFIER = "com.motoki.TCA-CaseStudies";
				PRODUCT_NAME = "$(TARGET_NAME)";
				SWIFT_EMIT_LOC_STRINGS = YES;
				SWIFT_VERSION = 5.0;
				TARGETED_DEVICE_FAMILY = "1,2";
			};
			name = Release;
		};
/* End XCBuildConfiguration section */

/* Begin XCConfigurationList section */
		36C8176B285D4BBF000C9CE4 /* Build configuration list for PBXProject "TCA-CaseStudies" */ = {
			isa = XCConfigurationList;
			buildConfigurations = (
				36C8177C285D4BC1000C9CE4 /* Debug */,
				36C8177D285D4BC1000C9CE4 /* Release */,
			);
			defaultConfigurationIsVisible = 0;
			defaultConfigurationName = Release;
		};
		36C8177E285D4BC1000C9CE4 /* Build configuration list for PBXNativeTarget "TCA-CaseStudies" */ = {
			isa = XCConfigurationList;
			buildConfigurations = (
				36C8177F285D4BC1000C9CE4 /* Debug */,
				36C81780285D4BC1000C9CE4 /* Release */,
			);
			defaultConfigurationIsVisible = 0;
			defaultConfigurationName = Release;
		};
/* End XCConfigurationList section */

/* Begin XCRemoteSwiftPackageReference section */
		36C81781285D4C20000C9CE4 /* XCRemoteSwiftPackageReference "swift-composable-architecture" */ = {
			isa = XCRemoteSwiftPackageReference;
			repositoryURL = "git@github.com:pointfreeco/swift-composable-architecture.git";
			requirement = {
				kind = upToNextMajorVersion;
				minimumVersion = 0.36.0;
			};
		};
/* End XCRemoteSwiftPackageReference section */

/* Begin XCSwiftPackageProductDependency section */
		36C81782285D4C20000C9CE4 /* ComposableArchitecture */ = {
			isa = XCSwiftPackageProductDependency;
			package = 36C81781285D4C20000C9CE4 /* XCRemoteSwiftPackageReference "swift-composable-architecture" */;
			productName = ComposableArchitecture;
		};
/* End XCSwiftPackageProductDependency section */
	};
	rootObject = 36C81768285D4BBF000C9CE4 /* Project object */;
}
